
Microsoft Visual Studio Solution File, Format Version 12.00
# Visual Studio Version 17
VisualStudioVersion = 17.9.34701.34
MinimumVisualStudioVersion = 10.0.40219.1
Project("{FAE04EC0-301F-11D3-BF4B-00C04F79EFBC}") = "CustomAPIEprinsa", "CustomAPIEprinsa.csproj", "{554D8A8B-1BF8-49C0-8407-F5E7AB57A159}"
EndProject
Global
	GlobalSection(SolutionConfigurationPlatforms) = preSolution
		Debug|Any CPU = Debug|Any CPU
		Release|Any CPU = Release|Any CPU
	EndGlobalSection
	GlobalSection(ProjectConfigurationPlatforms) = postSolution
		{554D8A8B-1BF8-49C0-8407-F5E7AB57A159}.Debug|Any CPU.ActiveCfg = Debug|Any CPU
		{554D8A8B-1BF8-49C0-8407-F5E7AB57A159}.Debug|Any CPU.Build.0 = Debug|Any CPU
		{554D8A8B-1BF8-49C0-8407-F5E7AB57A159}.Release|Any CPU.ActiveCfg = Release|Any CPU
		{554D8A8B-1BF8-49C0-8407-F5E7AB57A159}.Release|Any CPU.Build.0 = Release|Any CPU
	EndGlobalSection
	GlobalSection(SolutionProperties) = preSolution
		HideSolutionNode = FALSE
	EndGlobalSection
	GlobalSection(ExtensibilityGlobals) = postSolution
		SolutionGuid = {0B6F4360-D3AD-4C18-BEDD-DB8932C35A7F}
	EndGlobalSection
EndGlobal
